
Microsoft Visual Studio Solution File, Format Version 12.00
# Visual Studio Version 16
VisualStudioVersion = 16.0.31105.61
MinimumVisualStudioVersion = 10.0.40219.1
Project("{FAE04EC0-301F-11D3-BF4B-00C04F79EFBC}") = "PavlonkoLab", "PavlonkoLab\PavlonkoLab.csproj", "{0AA0528C-D4AD-42D6-A1B8-ED5620290142}"
EndProject
Global
	GlobalSection(SolutionConfigurationPlatforms) = preSolution
		Debug|Any CPU = Debug|Any CPU
		Release|Any CPU = Release|Any CPU
	EndGlobalSection
	GlobalSection(ProjectConfigurationPlatforms) = postSolution
		{0AA0528C-D4AD-42D6-A1B8-ED5620290142}.Debug|Any CPU.ActiveCfg = Debug|Any CPU
		{0AA0528C-D4AD-42D6-A1B8-ED5620290142}.Debug|Any CPU.Build.0 = Debug|Any CPU
		{0AA0528C-D4AD-42D6-A1B8-ED5620290142}.Release|Any CPU.ActiveCfg = Release|Any CPU
		{0AA0528C-D4AD-42D6-A1B8-ED5620290142}.Release|Any CPU.Build.0 = Release|Any CPU
	EndGlobalSection
	GlobalSection(SolutionProperties) = preSolution
		HideSolutionNode = FALSE
	EndGlobalSection
	GlobalSection(ExtensibilityGlobals) = postSolution
		SolutionGuid = {D77FB4F3-5BA6-4D9D-94EA-47A0244CC60C}
	EndGlobalSection
EndGlobal
